
Microsoft Visual Studio Solution File, Format Version 12.00
# Visual Studio Version 17
VisualStudioVersion = 17.2.32630.192
MinimumVisualStudioVersion = 10.0.40219.1
Project("{9A19103F-16F7-4668-BE54-9A1E7A4F7556}") = "R5T.Bulgaria.Construction", "R5T.Bulgaria.Construction\R5T.Bulgaria.Construction.csproj", "{68982ED6-CEDB-4B95-8AD6-05ABEE967D27}"
EndProject
Project("{9A19103F-16F7-4668-BE54-9A1E7A4F7556}") = "R5T.Bulgaria", "R5T.Bulgaria\R5T.Bulgaria.csproj", "{17BD20EE-7E05-4A83-9CF0-A0E0BDB5EB4D}"
EndProject
Project("{9A19103F-16F7-4668-BE54-9A1E7A4F7556}") = "R5T.Bulgaria.Base", "R5T.Bulgaria.Base\R5T.Bulgaria.Base.csproj", "{4E8277D8-CE82-4EA2-A37B-8C73EBA8449D}"
EndProject
Project("{9A19103F-16F7-4668-BE54-9A1E7A4F7556}") = "R5T.Bulgaria.Default", "R5T.Bulgaria.Default\R5T.Bulgaria.Default.csproj", "{3269391B-9113-4543-A16F-8C7E36A77413}"
EndProject
Project("{2150E333-8FDC-42A3-9474-1A3956D46DE8}") = "_Dependencies", "_Dependencies", "{4DDECD8C-3EAA-4694-B5CE-023E5F76AFC5}"
EndProject
Project("{9A19103F-16F7-4668-BE54-9A1E7A4F7556}") = "R5T.Dacia.Extensions", "..\..\R5T.Dacia.Extensions\source\R5T.Dacia.Extensions\R5T.Dacia.Extensions.csproj", "{8F4F1043-3827-4AAF-9450-3513761BE32E}"
EndProject
Project("{9A19103F-16F7-4668-BE54-9A1E7A4F7556}") = "R5T.Dacia", "..\..\R5T.Dacia\source\R5T.Dacia\R5T.Dacia.csproj", "{808C184A-EF79-4B13-9B75-7CE5E1B8477D}"
EndProject
Project("{9A19103F-16F7-4668-BE54-9A1E7A4F7556}") = "R5T.Bulgaria.UserProfileDirectory", "R5T.Bulgaria.UserProfileDirectory\R5T.Bulgaria.UserProfileDirectory.csproj", "{2AB1A8BA-5E1B-40BE-9BA8-A37902C1BB58}"
EndProject
Project("{9A19103F-16F7-4668-BE54-9A1E7A4F7556}") = "R5T.Visigothia.Base", "..\..\R5T.Visigothia\source\R5T.Visigothia.Base\R5T.Visigothia.Base.csproj", "{F35A779B-28C0-45A3-9524-16D01EF84CC4}"
EndProject
Project("{9A19103F-16F7-4668-BE54-9A1E7A4F7556}") = "R5T.Lombardy.Base", "..\..\R5T.Lombardy.Base\source\R5T.Lombardy.Base\R5T.Lombardy.Base.csproj", "{AA0836E1-B651-4886-8B15-503B6EAE238C}"
EndProject
Project("{9A19103F-16F7-4668-BE54-9A1E7A4F7556}") = "R5T.Bulgaria.Standard", "R5T.Bulgaria.Standard\R5T.Bulgaria.Standard.csproj", "{B9456386-64F6-4924-AA1D-27BCDBE626AA}"
EndProject
Project("{9A19103F-16F7-4668-BE54-9A1E7A4F7556}") = "R5T.Visigothia.Standard", "..\..\R5T.Visigothia\source\R5T.Visigothia.Standard\R5T.Visigothia.Standard.csproj", "{76ADB57F-7588-403F-892D-7D5EA226C344}"
EndProject
Project("{9A19103F-16F7-4668-BE54-9A1E7A4F7556}") = "R5T.Visigothia.Default", "..\..\R5T.Visigothia\source\R5T.Visigothia.Default\R5T.Visigothia.Default.csproj", "{A0847476-81F5-41E2-8037-8B321FA8A3DF}"
EndProject
Project("{9A19103F-16F7-4668-BE54-9A1E7A4F7556}") = "R5T.L0013", "..\..\R5T.L0013\source\R5T.L0013\R5T.L0013.csproj", "{5ACE3C71-3F05-4FB9-A2CD-595DC3A75D99}"
EndProject
Project("{9A19103F-16F7-4668-BE54-9A1E7A4F7556}") = "R5T.Magyar", "..\..\R5T.Magyar\source\R5T.Magyar\R5T.Magyar.csproj", "{56B7FDED-0F28-4474-8C47-7150D881EF7E}"
EndProject
Project("{9A19103F-16F7-4668-BE54-9A1E7A4F7556}") = "R5T.T0039.T002", "..\..\R5T.T0039\source\R5T.T0039.T002\R5T.T0039.T002.csproj", "{443A92BC-5D80-4436-8718-A7908B3ABF8F}"
EndProject
Project("{9A19103F-16F7-4668-BE54-9A1E7A4F7556}") = "R5T.T0062.X001", "..\..\R5T.T0062\source\R5T.T0062.X001\R5T.T0062.X001.csproj", "{E5F6F6B4-42B8-4A4E-8CC5-247DD0021C7D}"
EndProject
Project("{9A19103F-16F7-4668-BE54-9A1E7A4F7556}") = "R5T.T0062", "..\..\R5T.T0062\source\R5T.T0062\R5T.T0062.csproj", "{EFF0CB4B-4A97-4FBD-B1B5-93D203C3680B}"
EndProject
Project("{9A19103F-16F7-4668-BE54-9A1E7A4F7556}") = "R5T.T0063", "..\..\R5T.T0063\source\R5T.T0063\R5T.T0063.csproj", "{F0EF1598-1E71-4074-86E0-3753D6F3B675}"
EndProject
Project("{9A19103F-16F7-4668-BE54-9A1E7A4F7556}") = "R5T.T0064", "..\..\R5T.T0064\source\R5T.T0064\R5T.T0064.csproj", "{F561E688-2BD5-42FD-91C5-B83B2E66D9C9}"
EndProject
Project("{9A19103F-16F7-4668-BE54-9A1E7A4F7556}") = "R5T.T0143", "..\..\R5T.T0143\source\R5T.T0143\R5T.T0143.csproj", "{33C65ADD-F79E-4DB5-BEE0-33D64B20F67E}"
EndProject
Global
	GlobalSection(NestedProjects) = preSolution
		{8F4F1043-3827-4AAF-9450-3513761BE32E} = {4DDECD8C-3EAA-4694-B5CE-023E5F76AFC5}
		{808C184A-EF79-4B13-9B75-7CE5E1B8477D} = {4DDECD8C-3EAA-4694-B5CE-023E5F76AFC5}
		{F35A779B-28C0-45A3-9524-16D01EF84CC4} = {4DDECD8C-3EAA-4694-B5CE-023E5F76AFC5}
		{AA0836E1-B651-4886-8B15-503B6EAE238C} = {4DDECD8C-3EAA-4694-B5CE-023E5F76AFC5}
		{76ADB57F-7588-403F-892D-7D5EA226C344} = {4DDECD8C-3EAA-4694-B5CE-023E5F76AFC5}
		{A0847476-81F5-41E2-8037-8B321FA8A3DF} = {4DDECD8C-3EAA-4694-B5CE-023E5F76AFC5}
		{5ACE3C71-3F05-4FB9-A2CD-595DC3A75D99} = {4DDECD8C-3EAA-4694-B5CE-023E5F76AFC5}
		{56B7FDED-0F28-4474-8C47-7150D881EF7E} = {4DDECD8C-3EAA-4694-B5CE-023E5F76AFC5}
		{443A92BC-5D80-4436-8718-A7908B3ABF8F} = {4DDECD8C-3EAA-4694-B5CE-023E5F76AFC5}
		{E5F6F6B4-42B8-4A4E-8CC5-247DD0021C7D} = {4DDECD8C-3EAA-4694-B5CE-023E5F76AFC5}
		{EFF0CB4B-4A97-4FBD-B1B5-93D203C3680B} = {4DDECD8C-3EAA-4694-B5CE-023E5F76AFC5}
		{F0EF1598-1E71-4074-86E0-3753D6F3B675} = {4DDECD8C-3EAA-4694-B5CE-023E5F76AFC5}
		{F561E688-2BD5-42FD-91C5-B83B2E66D9C9} = {4DDECD8C-3EAA-4694-B5CE-023E5F76AFC5}
		{33C65ADD-F79E-4DB5-BEE0-33D64B20F67E} = {4DDECD8C-3EAA-4694-B5CE-023E5F76AFC5}
	EndGlobalSection
	GlobalSection(SolutionConfigurationPlatforms) = preSolution
		Debug|Any CPU = Debug|Any CPU
		Debug|x64 = Debug|x64
		Debug|x86 = Debug|x86
		Release|Any CPU = Release|Any CPU
		Release|x64 = Release|x64
		Release|x86 = Release|x86
	EndGlobalSection
	GlobalSection(ProjectConfigurationPlatforms) = postSolution
		{68982ED6-CEDB-4B95-8AD6-05ABEE967D27}.Debug|Any CPU.ActiveCfg = Debug|Any CPU
		{68982ED6-CEDB-4B95-8AD6-05ABEE967D27}.Debug|Any CPU.Build.0 = Debug|Any CPU
		{68982ED6-CEDB-4B95-8AD6-05ABEE967D27}.Debug|x64.ActiveCfg = Debug|Any CPU
		{68982ED6-CEDB-4B95-8AD6-05ABEE967D27}.Debug|x64.Build.0 = Debug|Any CPU
		{68982ED6-CEDB-4B95-8AD6-05ABEE967D27}.Debug|x86.ActiveCfg = Debug|Any CPU
		{68982ED6-CEDB-4B95-8AD6-05ABEE967D27}.Debug|x86.Build.0 = Debug|Any CPU
		{68982ED6-CEDB-4B95-8AD6-05ABEE967D27}.Release|Any CPU.ActiveCfg = Release|Any CPU
		{68982ED6-CEDB-4B95-8AD6-05ABEE967D27}.Release|Any CPU.Build.0 = Release|Any CPU
		{68982ED6-CEDB-4B95-8AD6-05ABEE967D27}.Release|x64.ActiveCfg = Release|Any CPU
		{68982ED6-CEDB-4B95-8AD6-05ABEE967D27}.Release|x64.Build.0 = Release|Any CPU
		{68982ED6-CEDB-4B95-8AD6-05ABEE967D27}.Release|x86.ActiveCfg = Release|Any CPU
		{68982ED6-CEDB-4B95-8AD6-05ABEE967D27}.Release|x86.Build.0 = Release|Any CPU
		{17BD20EE-7E05-4A83-9CF0-A0E0BDB5EB4D}.Debug|Any CPU.ActiveCfg = Debug|Any CPU
		{17BD20EE-7E05-4A83-9CF0-A0E0BDB5EB4D}.Debug|Any CPU.Build.0 = Debug|Any CPU
		{17BD20EE-7E05-4A83-9CF0-A0E0BDB5EB4D}.Debug|x64.ActiveCfg = Debug|Any CPU
		{17BD20EE-7E05-4A83-9CF0-A0E0BDB5EB4D}.Debug|x64.Build.0 = Debug|Any CPU
		{17BD20EE-7E05-4A83-9CF0-A0E0BDB5EB4D}.Debug|x86.ActiveCfg = Debug|Any CPU
		{17BD20EE-7E05-4A83-9CF0-A0E0BDB5EB4D}.Debug|x86.Build.0 = Debug|Any CPU
		{17BD20EE-7E05-4A83-9CF0-A0E0BDB5EB4D}.Release|Any CPU.ActiveCfg = Release|Any CPU
		{17BD20EE-7E05-4A83-9CF0-A0E0BDB5EB4D}.Release|Any CPU.Build.0 = Release|Any CPU
		{17BD20EE-7E05-4A83-9CF0-A0E0BDB5EB4D}.Release|x64.ActiveCfg = Release|Any CPU
		{17BD20EE-7E05-4A83-9CF0-A0E0BDB5EB4D}.Release|x64.Build.0 = Release|Any CPU
		{17BD20EE-7E05-4A83-9CF0-A0E0BDB5EB4D}.Release|x86.ActiveCfg = Release|Any CPU
		{17BD20EE-7E05-4A83-9CF0-A0E0BDB5EB4D}.Release|x86.Build.0 = Release|Any CPU
		{4E8277D8-CE82-4EA2-A37B-8C73EBA8449D}.Debug|Any CPU.ActiveCfg = Debug|Any CPU
		{4E8277D8-CE82-4EA2-A37B-8C73EBA8449D}.Debug|Any CPU.Build.0 = Debug|Any CPU
		{4E8277D8-CE82-4EA2-A37B-8C73EBA8449D}.Debug|x64.ActiveCfg = Debug|Any CPU
		{4E8277D8-CE82-4EA2-A37B-8C73EBA8449D}.Debug|x64.Build.0 = Debug|Any CPU
		{4E8277D8-CE82-4EA2-A37B-8C73EBA8449D}.Debug|x86.ActiveCfg = Debug|Any CPU
		{4E8277D8-CE82-4EA2-A37B-8C73EBA8449D}.Debug|x86.Build.0 = Debug|Any CPU
		{4E8277D8-CE82-4EA2-A37B-8C73EBA8449D}.Release|Any CPU.ActiveCfg = Release|Any CPU
		{4E8277D8-CE82-4EA2-A37B-8C73EBA8449D}.Release|Any CPU.Build.0 = Release|Any CPU
		{4E8277D8-CE82-4EA2-A37B-8C73EBA8449D}.Release|x64.ActiveCfg = Release|Any CPU
		{4E8277D8-CE82-4EA2-A37B-8C73EBA8449D}.Release|x64.Build.0 = Release|Any CPU
		{4E8277D8-CE82-4EA2-A37B-8C73EBA8449D}.Release|x86.ActiveCfg = Release|Any CPU
		{4E8277D8-CE82-4EA2-A37B-8C73EBA8449D}.Release|x86.Build.0 = Release|Any CPU
		{3269391B-9113-4543-A16F-8C7E36A77413}.Debug|Any CPU.ActiveCfg = Debug|Any CPU
		{3269391B-9113-4543-A16F-8C7E36A77413}.Debug|Any CPU.Build.0 = Debug|Any CPU
		{3269391B-9113-4543-A16F-8C7E36A77413}.Debug|x64.ActiveCfg = Debug|Any CPU
		{3269391B-9113-4543-A16F-8C7E36A77413}.Debug|x64.Build.0 = Debug|Any CPU
		{3269391B-9113-4543-A16F-8C7E36A77413}.Debug|x86.ActiveCfg = Debug|Any CPU
		{3269391B-9113-4543-A16F-8C7E36A77413}.Debug|x86.Build.0 = Debug|Any CPU
		{3269391B-9113-4543-A16F-8C7E36A77413}.Release|Any CPU.ActiveCfg = Release|Any CPU
		{3269391B-9113-4543-A16F-8C7E36A77413}.Release|Any CPU.Build.0 = Release|Any CPU
		{3269391B-9113-4543-A16F-8C7E36A77413}.Release|x64.ActiveCfg = Release|Any CPU
		{3269391B-9113-4543-A16F-8C7E36A77413}.Release|x64.Build.0 = Release|Any CPU
		{3269391B-9113-4543-A16F-8C7E36A77413}.Release|x86.ActiveCfg = Release|Any CPU
		{3269391B-9113-4543-A16F-8C7E36A77413}.Release|x86.Build.0 = Release|Any CPU
		{8F4F1043-3827-4AAF-9450-3513761BE32E}.Debug|Any CPU.ActiveCfg = Debug|Any CPU
		{8F4F1043-3827-4AAF-9450-3513761BE32E}.Debug|Any CPU.Build.0 = Debug|Any CPU
		{8F4F1043-3827-4AAF-9450-3513761BE32E}.Debug|x64.ActiveCfg = Debug|Any CPU
		{8F4F1043-3827-4AAF-9450-3513761BE32E}.Debug|x64.Build.0 = Debug|Any CPU
		{8F4F1043-3827-4AAF-9450-3513761BE32E}.Debug|x86.ActiveCfg = Debug|Any CPU
		{8F4F1043-3827-4AAF-9450-3513761BE32E}.Debug|x86.Build.0 = Debug|Any CPU
		{8F4F1043-3827-4AAF-9450-3513761BE32E}.Release|Any CPU.ActiveCfg = Release|Any CPU
		{8F4F1043-3827-4AAF-9450-3513761BE32E}.Release|Any CPU.Build.0 = Release|Any CPU
		{8F4F1043-3827-4AAF-9450-3513761BE32E}.Release|x64.ActiveCfg = Release|Any CPU
		{8F4F1043-3827-4AAF-9450-3513761BE32E}.Release|x64.Build.0 = Release|Any CPU
		{8F4F1043-3827-4AAF-9450-3513761BE32E}.Release|x86.ActiveCfg = Release|Any CPU
		{8F4F1043-3827-4AAF-9450-3513761BE32E}.Release|x86.Build.0 = Release|Any CPU
		{808C184A-EF79-4B13-9B75-7CE5E1B8477D}.Debug|Any CPU.ActiveCfg = Debug|Any CPU
		{808C184A-EF79-4B13-9B75-7CE5E1B8477D}.Debug|Any CPU.Build.0 = Debug|Any CPU
		{808C184A-EF79-4B13-9B75-7CE5E1B8477D}.Debug|x64.ActiveCfg = Debug|Any CPU
		{808C184A-EF79-4B13-9B75-7CE5E1B8477D}.Debug|x64.Build.0 = Debug|Any CPU
		{808C184A-EF79-4B13-9B75-7CE5E1B8477D}.Debug|x86.ActiveCfg = Debug|Any CPU
		{808C184A-EF79-4B13-9B75-7CE5E1B8477D}.Debug|x86.Build.0 = Debug|Any CPU
		{808C184A-EF79-4B13-9B75-7CE5E1B8477D}.Release|Any CPU.ActiveCfg = Release|Any CPU
		{808C184A-EF79-4B13-9B75-7CE5E1B8477D}.Release|Any CPU.Build.0 = Release|Any CPU
		{808C184A-EF79-4B13-9B75-7CE5E1B8477D}.Release|x64.ActiveCfg = Release|Any CPU
		{808C184A-EF79-4B13-9B75-7CE5E1B8477D}.Release|x64.Build.0 = Release|Any CPU
		{808C184A-EF79-4B13-9B75-7CE5E1B8477D}.Release|x86.ActiveCfg = Release|Any CPU
		{808C184A-EF79-4B13-9B75-7CE5E1B8477D}.Release|x86.Build.0 = Release|Any CPU
		{2AB1A8BA-5E1B-40BE-9BA8-A37902C1BB58}.Debug|Any CPU.ActiveCfg = Debug|Any CPU
		{2AB1A8BA-5E1B-40BE-9BA8-A37902C1BB58}.Debug|Any CPU.Build.0 = Debug|Any CPU
		{2AB1A8BA-5E1B-40BE-9BA8-A37902C1BB58}.Debug|x64.ActiveCfg = Debug|Any CPU
		{2AB1A8BA-5E1B-40BE-9BA8-A37902C1BB58}.Debug|x64.Build.0 = Debug|Any CPU
		{2AB1A8BA-5E1B-40BE-9BA8-A37902C1BB58}.Debug|x86.ActiveCfg = Debug|Any CPU
		{2AB1A8BA-5E1B-40BE-9BA8-A37902C1BB58}.Debug|x86.Build.0 = Debug|Any CPU
		{2AB1A8BA-5E1B-40BE-9BA8-A37902C1BB58}.Release|Any CPU.ActiveCfg = Release|Any CPU
		{2AB1A8BA-5E1B-40BE-9BA8-A37902C1BB58}.Release|Any CPU.Build.0 = Release|Any CPU
		{2AB1A8BA-5E1B-40BE-9BA8-A37902C1BB58}.Release|x64.ActiveCfg = Release|Any CPU
		{2AB1A8BA-5E1B-40BE-9BA8-A37902C1BB58}.Release|x64.Build.0 = Release|Any CPU
		{2AB1A8BA-5E1B-40BE-9BA8-A37902C1BB58}.Release|x86.ActiveCfg = Release|Any CPU
		{2AB1A8BA-5E1B-40BE-9BA8-A37902C1BB58}.Release|x86.Build.0 = Release|Any CPU
		{F35A779B-28C0-45A3-9524-16D01EF84CC4}.Debug|Any CPU.ActiveCfg = Debug|Any CPU
		{F35A779B-28C0-45A3-9524-16D01EF84CC4}.Debug|Any CPU.Build.0 = Debug|Any CPU
		{F35A779B-28C0-45A3-9524-16D01EF84CC4}.Debug|x64.ActiveCfg = Debug|Any CPU
		{F35A779B-28C0-45A3-9524-16D01EF84CC4}.Debug|x64.Build.0 = Debug|Any CPU
		{F35A779B-28C0-45A3-9524-16D01EF84CC4}.Debug|x86.ActiveCfg = Debug|Any CPU
		{F35A779B-28C0-45A3-9524-16D01EF84CC4}.Debug|x86.Build.0 = Debug|Any CPU
		{F35A779B-28C0-45A3-9524-16D01EF84CC4}.Release|Any CPU.ActiveCfg = Release|Any CPU
		{F35A779B-28C0-45A3-9524-16D01EF84CC4}.Release|Any CPU.Build.0 = Release|Any CPU
		{F35A779B-28C0-45A3-9524-16D01EF84CC4}.Release|x64.ActiveCfg = Release|Any CPU
		{F35A779B-28C0-45A3-9524-16D01EF84CC4}.Release|x64.Build.0 = Release|Any CPU
		{F35A779B-28C0-45A3-9524-16D01EF84CC4}.Release|x86.ActiveCfg = Release|Any CPU
		{F35A779B-28C0-45A3-9524-16D01EF84CC4}.Release|x86.Build.0 = Release|Any CPU
		{AA0836E1-B651-4886-8B15-503B6EAE238C}.Debug|Any CPU.ActiveCfg = Debug|Any CPU
		{AA0836E1-B651-4886-8B15-503B6EAE238C}.Debug|Any CPU.Build.0 = Debug|Any CPU
		{AA0836E1-B651-4886-8B15-503B6EAE238C}.Debug|x64.ActiveCfg = Debug|Any CPU
		{AA0836E1-B651-4886-8B15-503B6EAE238C}.Debug|x64.Build.0 = Debug|Any CPU
		{AA0836E1-B651-4886-8B15-503B6EAE238C}.Debug|x86.ActiveCfg = Debug|Any CPU
		{AA0836E1-B651-4886-8B15-503B6EAE238C}.Debug|x86.Build.0 = Debug|Any CPU
		{AA0836E1-B651-4886-8B15-503B6EAE238C}.Release|Any CPU.ActiveCfg = Release|Any CPU
		{AA0836E1-B651-4886-8B15-503B6EAE238C}.Release|Any CPU.Build.0 = Release|Any CPU
		{AA0836E1-B651-4886-8B15-503B6EAE238C}.Release|x64.ActiveCfg = Release|Any CPU
		{AA0836E1-B651-4886-8B15-503B6EAE238C}.Release|x64.Build.0 = Release|Any CPU
		{AA0836E1-B651-4886-8B15-503B6EAE238C}.Release|x86.ActiveCfg = Release|Any CPU
		{AA0836E1-B651-4886-8B15-503B6EAE238C}.Release|x86.Build.0 = Release|Any CPU
		{B9456386-64F6-4924-AA1D-27BCDBE626AA}.Debug|Any CPU.ActiveCfg = Debug|Any CPU
		{B9456386-64F6-4924-AA1D-27BCDBE626AA}.Debug|Any CPU.Build.0 = Debug|Any CPU
		{B9456386-64F6-4924-AA1D-27BCDBE626AA}.Debug|x64.ActiveCfg = Debug|Any CPU
		{B9456386-64F6-4924-AA1D-27BCDBE626AA}.Debug|x64.Build.0 = Debug|Any CPU
		{B9456386-64F6-4924-AA1D-27BCDBE626AA}.Debug|x86.ActiveCfg = Debug|Any CPU
		{B9456386-64F6-4924-AA1D-27BCDBE626AA}.Debug|x86.Build.0 = Debug|Any CPU
		{B9456386-64F6-4924-AA1D-27BCDBE626AA}.Release|Any CPU.ActiveCfg = Release|Any CPU
		{B9456386-64F6-4924-AA1D-27BCDBE626AA}.Release|Any CPU.Build.0 = Release|Any CPU
		{B9456386-64F6-4924-AA1D-27BCDBE626AA}.Release|x64.ActiveCfg = Release|Any CPU
		{B9456386-64F6-4924-AA1D-27BCDBE626AA}.Release|x64.Build.0 = Release|Any CPU
		{B9456386-64F6-4924-AA1D-27BCDBE626AA}.Release|x86.ActiveCfg = Release|Any CPU
		{B9456386-64F6-4924-AA1D-27BCDBE626AA}.Release|x86.Build.0 = Release|Any CPU
		{76ADB57F-7588-403F-892D-7D5EA226C344}.Debug|Any CPU.ActiveCfg = Debug|Any CPU
		{76ADB57F-7588-403F-892D-7D5EA226C344}.Debug|Any CPU.Build.0 = Debug|Any CPU
		{76ADB57F-7588-403F-892D-7D5EA226C344}.Debug|x64.ActiveCfg = Debug|Any CPU
		{76ADB57F-7588-403F-892D-7D5EA226C344}.Debug|x64.Build.0 = Debug|Any CPU
		{76ADB57F-7588-403F-892D-7D5EA226C344}.Debug|x86.ActiveCfg = Debug|Any CPU
		{76ADB57F-7588-403F-892D-7D5EA226C344}.Debug|x86.Build.0 = Debug|Any CPU
		{76ADB57F-7588-403F-892D-7D5EA226C344}.Release|Any CPU.ActiveCfg = Release|Any CPU
		{76ADB57F-7588-403F-892D-7D5EA226C344}.Release|Any CPU.Build.0 = Release|Any CPU
		{76ADB57F-7588-403F-892D-7D5EA226C344}.Release|x64.ActiveCfg = Release|Any CPU
		{76ADB57F-7588-403F-892D-7D5EA226C344}.Release|x64.Build.0 = Release|Any CPU
		{76ADB57F-7588-403F-892D-7D5EA226C344}.Release|x86.ActiveCfg = Release|Any CPU
		{76ADB57F-7588-403F-892D-7D5EA226C344}.Release|x86.Build.0 = Release|Any CPU
		{A0847476-81F5-41E2-8037-8B321FA8A3DF}.Debug|Any CPU.ActiveCfg = Debug|Any CPU
		{A0847476-81F5-41E2-8037-8B321FA8A3DF}.Debug|Any CPU.Build.0 = Debug|Any CPU
		{A0847476-81F5-41E2-8037-8B321FA8A3DF}.Debug|x64.ActiveCfg = Debug|Any CPU
		{A0847476-81F5-41E2-8037-8B321FA8A3DF}.Debug|x64.Build.0 = Debug|Any CPU
		{A0847476-81F5-41E2-8037-8B321FA8A3DF}.Debug|x86.ActiveCfg = Debug|Any CPU
		{A0847476-81F5-41E2-8037-8B321FA8A3DF}.Debug|x86.Build.0 = Debug|Any CPU
		{A0847476-81F5-41E2-8037-8B321FA8A3DF}.Release|Any CPU.ActiveCfg = Release|Any CPU
		{A0847476-81F5-41E2-8037-8B321FA8A3DF}.Release|Any CPU.Build.0 = Release|Any CPU
		{A0847476-81F5-41E2-8037-8B321FA8A3DF}.Release|x64.ActiveCfg = Release|Any CPU
		{A0847476-81F5-41E2-8037-8B321FA8A3DF}.Release|x64.Build.0 = Release|Any CPU
		{A0847476-81F5-41E2-8037-8B321FA8A3DF}.Release|x86.ActiveCfg = Release|Any CPU
		{A0847476-81F5-41E2-8037-8B321FA8A3DF}.Release|x86.Build.0 = Release|Any CPU
		{5ACE3C71-3F05-4FB9-A2CD-595DC3A75D99}.Debug|Any CPU.ActiveCfg = Debug|Any CPU
		{5ACE3C71-3F05-4FB9-A2CD-595DC3A75D99}.Debug|Any CPU.Build.0 = Debug|Any CPU
		{5ACE3C71-3F05-4FB9-A2CD-595DC3A75D99}.Debug|x64.ActiveCfg = Debug|Any CPU
		{5ACE3C71-3F05-4FB9-A2CD-595DC3A75D99}.Debug|x64.Build.0 = Debug|Any CPU
		{5ACE3C71-3F05-4FB9-A2CD-595DC3A75D99}.Debug|x86.ActiveCfg = Debug|Any CPU
		{5ACE3C71-3F05-4FB9-A2CD-595DC3A75D99}.Debug|x86.Build.0 = Debug|Any CPU
		{5ACE3C71-3F05-4FB9-A2CD-595DC3A75D99}.Release|Any CPU.ActiveCfg = Release|Any CPU
		{5ACE3C71-3F05-4FB9-A2CD-595DC3A75D99}.Release|Any CPU.Build.0 = Release|Any CPU
		{5ACE3C71-3F05-4FB9-A2CD-595DC3A75D99}.Release|x64.ActiveCfg = Release|Any CPU
		{5ACE3C71-3F05-4FB9-A2CD-595DC3A75D99}.Release|x64.Build.0 = Release|Any CPU
		{5ACE3C71-3F05-4FB9-A2CD-595DC3A75D99}.Release|x86.ActiveCfg = Release|Any CPU
		{5ACE3C71-3F05-4FB9-A2CD-595DC3A75D99}.Release|x86.Build.0 = Release|Any CPU
		{56B7FDED-0F28-4474-8C47-7150D881EF7E}.Debug|Any CPU.ActiveCfg = Debug|Any CPU
		{56B7FDED-0F28-4474-8C47-7150D881EF7E}.Debug|Any CPU.Build.0 = Debug|Any CPU
		{56B7FDED-0F28-4474-8C47-7150D881EF7E}.Debug|x64.ActiveCfg = Debug|Any CPU
		{56B7FDED-0F28-4474-8C47-7150D881EF7E}.Debug|x64.Build.0 = Debug|Any CPU
		{56B7FDED-0F28-4474-8C47-7150D881EF7E}.Debug|x86.ActiveCfg = Debug|Any CPU
		{56B7FDED-0F28-4474-8C47-7150D881EF7E}.Debug|x86.Build.0 = Debug|Any CPU
		{56B7FDED-0F28-4474-8C47-7150D881EF7E}.Release|Any CPU.ActiveCfg = Release|Any CPU
		{56B7FDED-0F28-4474-8C47-7150D881EF7E}.Release|Any CPU.Build.0 = Release|Any CPU
		{56B7FDED-0F28-4474-8C47-7150D881EF7E}.Release|x64.ActiveCfg = Release|Any CPU
		{56B7FDED-0F28-4474-8C47-7150D881EF7E}.Release|x64.Build.0 = Release|Any CPU
		{56B7FDED-0F28-4474-8C47-7150D881EF7E}.Release|x86.ActiveCfg = Release|Any CPU
		{56B7FDED-0F28-4474-8C47-7150D881EF7E}.Release|x86.Build.0 = Release|Any CPU
		{443A92BC-5D80-4436-8718-A7908B3ABF8F}.Debug|Any CPU.ActiveCfg = Debug|Any CPU
		{443A92BC-5D80-4436-8718-A7908B3ABF8F}.Debug|Any CPU.Build.0 = Debug|Any CPU
		{443A92BC-5D80-4436-8718-A7908B3ABF8F}.Debug|x64.ActiveCfg = Debug|Any CPU
		{443A92BC-5D80-4436-8718-A7908B3ABF8F}.Debug|x64.Build.0 = Debug|Any CPU
		{443A92BC-5D80-4436-8718-A7908B3ABF8F}.Debug|x86.ActiveCfg = Debug|Any CPU
		{443A92BC-5D80-4436-8718-A7908B3ABF8F}.Debug|x86.Build.0 = Debug|Any CPU
		{443A92BC-5D80-4436-8718-A7908B3ABF8F}.Release|Any CPU.ActiveCfg = Release|Any CPU
		{443A92BC-5D80-4436-8718-A7908B3ABF8F}.Release|Any CPU.Build.0 = Release|Any CPU
		{443A92BC-5D80-4436-8718-A7908B3ABF8F}.Release|x64.ActiveCfg = Release|Any CPU
		{443A92BC-5D80-4436-8718-A7908B3ABF8F}.Release|x64.Build.0 = Release|Any CPU
		{443A92BC-5D80-4436-8718-A7908B3ABF8F}.Release|x86.ActiveCfg = Release|Any CPU
		{443A92BC-5D80-4436-8718-A7908B3ABF8F}.Release|x86.Build.0 = Release|Any CPU
		{E5F6F6B4-42B8-4A4E-8CC5-247DD0021C7D}.Debug|Any CPU.ActiveCfg = Debug|Any CPU
		{E5F6F6B4-42B8-4A4E-8CC5-247DD0021C7D}.Debug|Any CPU.Build.0 = Debug|Any CPU
		{E5F6F6B4-42B8-4A4E-8CC5-247DD0021C7D}.Debug|x64.ActiveCfg = Debug|Any CPU
		{E5F6F6B4-42B8-4A4E-8CC5-247DD0021C7D}.Debug|x64.Build.0 = Debug|Any CPU
		{E5F6F6B4-42B8-4A4E-8CC5-247DD0021C7D}.Debug|x86.ActiveCfg = Debug|Any CPU
		{E5F6F6B4-42B8-4A4E-8CC5-247DD0021C7D}.Debug|x86.Build.0 = Debug|Any CPU
		{E5F6F6B4-42B8-4A4E-8CC5-247DD0021C7D}.Release|Any CPU.ActiveCfg = Release|Any CPU
		{E5F6F6B4-42B8-4A4E-8CC5-247DD0021C7D}.Release|Any CPU.Build.0 = Release|Any CPU
		{E5F6F6B4-42B8-4A4E-8CC5-247DD0021C7D}.Release|x64.ActiveCfg = Release|Any CPU
		{E5F6F6B4-42B8-4A4E-8CC5-247DD0021C7D}.Release|x64.Build.0 = Release|Any CPU
		{E5F6F6B4-42B8-4A4E-8CC5-247DD0021C7D}.Release|x86.ActiveCfg = Release|Any CPU
		{E5F6F6B4-42B8-4A4E-8CC5-247DD0021C7D}.Release|x86.Build.0 = Release|Any CPU
		{EFF0CB4B-4A97-4FBD-B1B5-93D203C3680B}.Debug|Any CPU.ActiveCfg = Debug|Any CPU
		{EFF0CB4B-4A97-4FBD-B1B5-93D203C3680B}.Debug|Any CPU.Build.0 = Debug|Any CPU
		{EFF0CB4B-4A97-4FBD-B1B5-93D203C3680B}.Debug|x64.ActiveCfg = Debug|Any CPU
		{EFF0CB4B-4A97-4FBD-B1B5-93D203C3680B}.Debug|x64.Build.0 = Debug|Any CPU
		{EFF0CB4B-4A97-4FBD-B1B5-93D203C3680B}.Debug|x86.ActiveCfg = Debug|Any CPU
		{EFF0CB4B-4A97-4FBD-B1B5-93D203C3680B}.Debug|x86.Build.0 = Debug|Any CPU
		{EFF0CB4B-4A97-4FBD-B1B5-93D203C3680B}.Release|Any CPU.ActiveCfg = Release|Any CPU
		{EFF0CB4B-4A97-4FBD-B1B5-93D203C3680B}.Release|Any CPU.Build.0 = Release|Any CPU
		{EFF0CB4B-4A97-4FBD-B1B5-93D203C3680B}.Release|x64.ActiveCfg = Release|Any CPU
		{EFF0CB4B-4A97-4FBD-B1B5-93D203C3680B}.Release|x64.Build.0 = Release|Any CPU
		{EFF0CB4B-4A97-4FBD-B1B5-93D203C3680B}.Release|x86.ActiveCfg = Release|Any CPU
		{EFF0CB4B-4A97-4FBD-B1B5-93D203C3680B}.Release|x86.Build.0 = Release|Any CPU
		{F0EF1598-1E71-4074-86E0-3753D6F3B675}.Debug|Any CPU.ActiveCfg = Debug|Any CPU
		{F0EF1598-1E71-4074-86E0-3753D6F3B675}.Debug|Any CPU.Build.0 = Debug|Any CPU
		{F0EF1598-1E71-4074-86E0-3753D6F3B675}.Debug|x64.ActiveCfg = Debug|Any CPU
		{F0EF1598-1E71-4074-86E0-3753D6F3B675}.Debug|x64.Build.0 = Debug|Any CPU
		{F0EF1598-1E71-4074-86E0-3753D6F3B675}.Debug|x86.ActiveCfg = Debug|Any CPU
		{F0EF1598-1E71-4074-86E0-3753D6F3B675}.Debug|x86.Build.0 = Debug|Any CPU
		{F0EF1598-1E71-4074-86E0-3753D6F3B675}.Release|Any CPU.ActiveCfg = Release|Any CPU
		{F0EF1598-1E71-4074-86E0-3753D6F3B675}.Release|Any CPU.Build.0 = Release|Any CPU
		{F0EF1598-1E71-4074-86E0-3753D6F3B675}.Release|x64.ActiveCfg = Release|Any CPU
		{F0EF1598-1E71-4074-86E0-3753D6F3B675}.Release|x64.Build.0 = Release|Any CPU
		{F0EF1598-1E71-4074-86E0-3753D6F3B675}.Release|x86.ActiveCfg = Release|Any CPU
		{F0EF1598-1E71-4074-86E0-3753D6F3B675}.Release|x86.Build.0 = Release|Any CPU
		{F561E688-2BD5-42FD-91C5-B83B2E66D9C9}.Debug|Any CPU.ActiveCfg = Debug|Any CPU
		{F561E688-2BD5-42FD-91C5-B83B2E66D9C9}.Debug|Any CPU.Build.0 = Debug|Any CPU
		{F561E688-2BD5-42FD-91C5-B83B2E66D9C9}.Debug|x64.ActiveCfg = Debug|Any CPU
		{F561E688-2BD5-42FD-91C5-B83B2E66D9C9}.Debug|x64.Build.0 = Debug|Any CPU
		{F561E688-2BD5-42FD-91C5-B83B2E66D9C9}.Debug|x86.ActiveCfg = Debug|Any CPU
		{F561E688-2BD5-42FD-91C5-B83B2E66D9C9}.Debug|x86.Build.0 = Debug|Any CPU
		{F561E688-2BD5-42FD-91C5-B83B2E66D9C9}.Release|Any CPU.ActiveCfg = Release|Any CPU
		{F561E688-2BD5-42FD-91C5-B83B2E66D9C9}.Release|Any CPU.Build.0 = Release|Any CPU
		{F561E688-2BD5-42FD-91C5-B83B2E66D9C9}.Release|x64.ActiveCfg = Release|Any CPU
		{F561E688-2BD5-42FD-91C5-B83B2E66D9C9}.Release|x64.Build.0 = Release|Any CPU
		{F561E688-2BD5-42FD-91C5-B83B2E66D9C9}.Release|x86.ActiveCfg = Release|Any CPU
		{F561E688-2BD5-42FD-91C5-B83B2E66D9C9}.Release|x86.Build.0 = Release|Any CPU
		{33C65ADD-F79E-4DB5-BEE0-33D64B20F67E}.Debug|Any CPU.ActiveCfg = Debug|Any CPU
		{33C65ADD-F79E-4DB5-BEE0-33D64B20F67E}.Debug|Any CPU.Build.0 = Debug|Any CPU
		{33C65ADD-F79E-4DB5-BEE0-33D64B20F67E}.Debug|x64.ActiveCfg = Debug|Any CPU
		{33C65ADD-F79E-4DB5-BEE0-33D64B20F67E}.Debug|x64.Build.0 = Debug|Any CPU
		{33C65ADD-F79E-4DB5-BEE0-33D64B20F67E}.Debug|x86.ActiveCfg = Debug|Any CPU
		{33C65ADD-F79E-4DB5-BEE0-33D64B20F67E}.Debug|x86.Build.0 = Debug|Any CPU
		{33C65ADD-F79E-4DB5-BEE0-33D64B20F67E}.Release|Any CPU.ActiveCfg = Release|Any CPU
		{33C65ADD-F79E-4DB5-BEE0-33D64B20F67E}.Release|Any CPU.Build.0 = Release|Any CPU
		{33C65ADD-F79E-4DB5-BEE0-33D64B20F67E}.Release|x64.ActiveCfg = Release|Any CPU
		{33C65ADD-F79E-4DB5-BEE0-33D64B20F67E}.Release|x64.Build.0 = Release|Any CPU
		{33C65ADD-F79E-4DB5-BEE0-33D64B20F67E}.Release|x86.ActiveCfg = Release|Any CPU
		{33C65ADD-F79E-4DB5-BEE0-33D64B20F67E}.Release|x86.Build.0 = Release|Any CPU
	EndGlobalSection
	GlobalSection(SolutionProperties) = preSolution
		HideSolutionNode = FALSE
	EndGlobalSection
	GlobalSection(ExtensibilityGlobals) = postSolution
		SolutionGuid = {B74C1D98-A1FA-4AFA-991D-2376C7A77074}
	EndGlobalSection
EndGlobal
